<?xml version="1.0" encoding="UTF-8" standalone="yes" ?>
<CodeBlocks_project_file>
	<FileVersion major="1" minor="6" />
	<Project>
		<Option title="g729" />
		<Option pch_mode="2" />
		<Option compiler="gcc" />
		<Build>
			<Target title="Debug">
				<Option output="bin/Debug/g729" prefix_auto="1" extension_auto="1" />
				<Option object_output="obj/Debug/" />
				<Option type="3" />
				<Option compiler="gcc" />
				<Option createDefFile="1" />
				<Option createStaticLib="1" />
				<Compiler>
					<Add option="-Wall" />
					<Add option="-g" />
					<Add option="-fshort-enums" />
					<Add option="-DBUILD_DLL" />
					<Add directory="jsoncpp/include" />
				</Compiler>
				<Linker>
					<Add option="-Wl,--add-stdcall-alias" />
					<Add library="user32" />
				</Linker>
			</Target>
			<Target title="Release">
				<Option output="bin/Release/g729" prefix_auto="1" extension_auto="1" />
				<Option object_output="obj/Release/" />
				<Option type="3" />
				<Option compiler="gcc" />
				<Option createDefFile="1" />
				<Option createStaticLib="1" />
				<Compiler>
					<Add option="-Os" />
					<Add option="-Wall" />
					<Add option="-fshort-enums" />
					<Add option="-DBUILD_DLL" />
					<Add option="-DNDEBUG" />
					<Add directory="jsoncpp/include" />
				</Compiler>
				<Linker>
					<Add option="-s" />
					<Add option="-Wl,--add-stdcall-alias" />
				</Linker>
			</Target>
		</Build>
		<Compiler>
			<Add option="-std=c99" />
			<Add option="-D__ssize_t_defined" />
			<Add option="-DWIN32" />
			<Add directory="../../../re/include" />
			<Add directory="../../include" />
		</Compiler>
		<ExtraCommands>
			<Add after="cmd /c copy /Y $(TARGET_OUTPUT_FILE) D:\Dokumenty\_PROJEKTY\libre\tSIP\tSIP\Debug_Build\modules\g729.dll" />
			<Add after="cmd /c copy /Y $(TARGET_OUTPUT_FILE) D:\Dokumenty\_PROJEKTY\libre\tSIP\tSIP\Release_Build\modules\g729.dll" />
		</ExtraCommands>
		<Unit filename="Log.cpp" />
		<Unit filename="Log.h" />
		<Unit filename="Mutex.h" />
		<Unit filename="ScopedLock.h" />
		<Unit filename="Utils.cpp" />
		<Unit filename="Utils.h" />
		<Unit filename="g729.c">
			<Option compilerVar="CC" />
		</Unit>
		<Unit filename="g729a_v11/Makefile" />
		<Unit filename="g729a_v11/acelp_ca.c">
			<Option compilerVar="CC" />
		</Unit>
		<Unit filename="g729a_v11/basic_op.c">
			<Option compilerVar="CC" />
		</Unit>
		<Unit filename="g729a_v11/basic_op.h" />
		<Unit filename="g729a_v11/cod_ld8a.c">
			<Option compilerVar="CC" />
		</Unit>
		<Unit filename="g729a_v11/cor_func.c">
			<Option compilerVar="CC" />
		</Unit>
		<Unit filename="g729a_v11/de_acelp.c">
			<Option compilerVar="CC" />
		</Unit>
		<Unit filename="g729a_v11/dec_gain.c">
			<Option compilerVar="CC" />
		</Unit>
		<Unit filename="g729a_v11/dec_gain.h" />
		<Unit filename="g729a_v11/dec_lag3.c">
			<Option compilerVar="CC" />
		</Unit>
		<Unit filename="g729a_v11/dec_ld8a.c">
			<Option compilerVar="CC" />
		</Unit>
		<Unit filename="g729a_v11/dspfunc.c">
			<Option compilerVar="CC" />
		</Unit>
		<Unit filename="g729a_v11/filter.c">
			<Option compilerVar="CC" />
		</Unit>
		<Unit filename="g729a_v11/gainpred.c">
			<Option compilerVar="CC" />
		</Unit>
		<Unit filename="g729a_v11/ld8a.h" />
		<Unit filename="g729a_v11/lpc.c">
			<Option compilerVar="CC" />
		</Unit>
		<Unit filename="g729a_v11/lpcfunc.c">
			<Option compilerVar="CC" />
		</Unit>
		<Unit filename="g729a_v11/lpcfunc.h" />
		<Unit filename="g729a_v11/lspdec.c">
			<Option compilerVar="CC" />
		</Unit>
		<Unit filename="g729a_v11/lspdec.h" />
		<Unit filename="g729a_v11/lspgetq.c">
			<Option compilerVar="CC" />
		</Unit>
		<Unit filename="g729a_v11/lspgetq.h" />
		<Unit filename="g729a_v11/oper_32b.c">
			<Option compilerVar="CC" />
		</Unit>
		<Unit filename="g729a_v11/oper_32b.h" />
		<Unit filename="g729a_v11/p_parity.c">
			<Option compilerVar="CC" />
		</Unit>
		<Unit filename="g729a_v11/pitch_a.c">
			<Option compilerVar="CC" />
		</Unit>
		<Unit filename="g729a_v11/post_pro.c">
			<Option compilerVar="CC" />
		</Unit>
		<Unit filename="g729a_v11/postfilt.c">
			<Option compilerVar="CC" />
		</Unit>
		<Unit filename="g729a_v11/pre_proc.c">
			<Option compilerVar="CC" />
		</Unit>
		<Unit filename="g729a_v11/pre_proc.h" />
		<Unit filename="g729a_v11/pred_lt3.c">
			<Option compilerVar="CC" />
		</Unit>
		<Unit filename="g729a_v11/qua_gain.c">
			<Option compilerVar="CC" />
		</Unit>
		<Unit filename="g729a_v11/qua_gain.h" />
		<Unit filename="g729a_v11/qua_lsp.c">
			<Option compilerVar="CC" />
		</Unit>
		<Unit filename="g729a_v11/qua_lsp.h" />
		<Unit filename="g729a_v11/tab_ld8a.c">
			<Option compilerVar="CC" />
		</Unit>
		<Unit filename="g729a_v11/tab_ld8a.h" />
		<Unit filename="g729a_v11/taming.c">
			<Option compilerVar="CC" />
		</Unit>
		<Unit filename="g729a_v11/taming.h" />
		<Unit filename="g729a_v11/typedef.h" />
		<Unit filename="g729a_v11/util.c">
			<Option compilerVar="CC" />
		</Unit>
		<Unit filename="g729a_v11/util.h" />
		<Unit filename="main.cpp" />
		<Unit filename="main.h" />
		<Unit filename="resource.rc">
			<Option compilerVar="WINDRES" />
		</Unit>
		<Unit filename="singleton.h" />
		<Extensions>
			<code_completion />
			<debugger />
			<envvars />
		</Extensions>
	</Project>
</CodeBlocks_project_file>
